
Microsoft Visual Studio Solution File, Format Version 12.00
# Visual Studio Version 17
VisualStudioVersion = 17.4.33213.308
MinimumVisualStudioVersion = 10.0.40219.1
Project("{FAE04EC0-301F-11D3-BF4B-00C04F79EFBC}") = "MeuPortfolio", "MeuPortfolio\MeuPortfolio.csproj", "{CBD99272-C89D-4151-BDDF-6F93EA8ED0DB}"
EndProject
Global
	GlobalSection(SolutionConfigurationPlatforms) = preSolution
		Debug|Any CPU = Debug|Any CPU
		Release|Any CPU = Release|Any CPU
	EndGlobalSection
	GlobalSection(ProjectConfigurationPlatforms) = postSolution
		{CBD99272-C89D-4151-BDDF-6F93EA8ED0DB}.Debug|Any CPU.ActiveCfg = Debug|Any CPU
		{CBD99272-C89D-4151-BDDF-6F93EA8ED0DB}.Debug|Any CPU.Build.0 = Debug|Any CPU
		{CBD99272-C89D-4151-BDDF-6F93EA8ED0DB}.Release|Any CPU.ActiveCfg = Release|Any CPU
		{CBD99272-C89D-4151-BDDF-6F93EA8ED0DB}.Release|Any CPU.Build.0 = Release|Any CPU
	EndGlobalSection
	GlobalSection(SolutionProperties) = preSolution
		HideSolutionNode = FALSE
	EndGlobalSection
	GlobalSection(ExtensibilityGlobals) = postSolution
		SolutionGuid = {197FE4B9-AB6B-4300-A728-63559CABD03A}
	EndGlobalSection
EndGlobal
